
Microsoft Visual Studio Solution File, Format Version 12.00
# Visual Studio 15
VisualStudioVersion = 15.0.26430.13
MinimumVisualStudioVersion = 10.0.40219.1
Project("{FAE04EC0-301F-11D3-BF4B-00C04F79EFBC}") = "SpeakerChanger", "SpeakerChanger\SpeakerChanger.csproj", "{FC6D36B4-CF1D-44EB-BD58-2A11A79643EB}"
EndProject
Project("{54435603-DBB4-11D2-8724-00A0C9A8B90C}") = "SpeakerChangerSetup", "SpeakerChangerSetup\SpeakerChangerSetup.vdproj", "{654D4449-75D5-40F1-B085-7CC22E0FF498}"
EndProject
Global
	GlobalSection(SolutionConfigurationPlatforms) = preSolution
		Debug|Any CPU = Debug|Any CPU
		Release|Any CPU = Release|Any CPU
	EndGlobalSection
	GlobalSection(ProjectConfigurationPlatforms) = postSolution
		{FC6D36B4-CF1D-44EB-BD58-2A11A79643EB}.Debug|Any CPU.ActiveCfg = Debug|Any CPU
		{FC6D36B4-CF1D-44EB-BD58-2A11A79643EB}.Debug|Any CPU.Build.0 = Debug|Any CPU
		{FC6D36B4-CF1D-44EB-BD58-2A11A79643EB}.Release|Any CPU.ActiveCfg = Release|Any CPU
		{FC6D36B4-CF1D-44EB-BD58-2A11A79643EB}.Release|Any CPU.Build.0 = Release|Any CPU
		{654D4449-75D5-40F1-B085-7CC22E0FF498}.Debug|Any CPU.ActiveCfg = Debug
		{654D4449-75D5-40F1-B085-7CC22E0FF498}.Release|Any CPU.ActiveCfg = Release
	EndGlobalSection
	GlobalSection(SolutionProperties) = preSolution
		HideSolutionNode = FALSE
	EndGlobalSection
EndGlobal
